
Microsoft Visual Studio Solution File, Format Version 12.00
# Visual Studio Version 17
VisualStudioVersion = 17.11.35303.130
MinimumVisualStudioVersion = 10.0.40219.1
Project("{FAE04EC0-301F-11D3-BF4B-00C04F79EFBC}") = "Lab Assignment 3", "Lab Assignment 3\Lab Assignment 3.csproj", "{5F16D1FD-4B9D-4290-93A9-E190B27A92FD}"
EndProject
Global
	GlobalSection(SolutionConfigurationPlatforms) = preSolution
		Debug|Any CPU = Debug|Any CPU
		Release|Any CPU = Release|Any CPU
	EndGlobalSection
	GlobalSection(ProjectConfigurationPlatforms) = postSolution
		{5F16D1FD-4B9D-4290-93A9-E190B27A92FD}.Debug|Any CPU.ActiveCfg = Debug|Any CPU
		{5F16D1FD-4B9D-4290-93A9-E190B27A92FD}.Debug|Any CPU.Build.0 = Debug|Any CPU
		{5F16D1FD-4B9D-4290-93A9-E190B27A92FD}.Release|Any CPU.ActiveCfg = Release|Any CPU
		{5F16D1FD-4B9D-4290-93A9-E190B27A92FD}.Release|Any CPU.Build.0 = Release|Any CPU
	EndGlobalSection
	GlobalSection(SolutionProperties) = preSolution
		HideSolutionNode = FALSE
	EndGlobalSection
	GlobalSection(ExtensibilityGlobals) = postSolution
		SolutionGuid = {C97A696E-0AFA-4037-A7B4-4E45F7CC7A6D}
	EndGlobalSection
EndGlobal
