
Microsoft Visual Studio Solution File, Format Version 12.00
# Visual Studio Version 17
VisualStudioVersion = 17.11.35303.130
MinimumVisualStudioVersion = 10.0.40219.1
Project("{FAE04EC0-301F-11D3-BF4B-00C04F79EFBC}") = "Lab 11 Task 1", "Lab 11 Task 1\Lab 11 Task 1.csproj", "{60EA89F2-414E-4E17-8FA7-2A00E757E921}"
EndProject
Global
	GlobalSection(SolutionConfigurationPlatforms) = preSolution
		Debug|Any CPU = Debug|Any CPU
		Release|Any CPU = Release|Any CPU
	EndGlobalSection
	GlobalSection(ProjectConfigurationPlatforms) = postSolution
		{60EA89F2-414E-4E17-8FA7-2A00E757E921}.Debug|Any CPU.ActiveCfg = Debug|Any CPU
		{60EA89F2-414E-4E17-8FA7-2A00E757E921}.Debug|Any CPU.Build.0 = Debug|Any CPU
		{60EA89F2-414E-4E17-8FA7-2A00E757E921}.Release|Any CPU.ActiveCfg = Release|Any CPU
		{60EA89F2-414E-4E17-8FA7-2A00E757E921}.Release|Any CPU.Build.0 = Release|Any CPU
	EndGlobalSection
	GlobalSection(SolutionProperties) = preSolution
		HideSolutionNode = FALSE
	EndGlobalSection
	GlobalSection(ExtensibilityGlobals) = postSolution
		SolutionGuid = {F43D2928-FC3F-4F7A-AD9F-3B57BE7583B2}
	EndGlobalSection
EndGlobal
